
Microsoft Visual Studio Solution File, Format Version 12.00
# Visual Studio Version 17
VisualStudioVersion = 17.3.32804.467
MinimumVisualStudioVersion = 10.0.40219.1
Project("{FAE04EC0-301F-11D3-BF4B-00C04F79EFBC}") = "Task1", "Task1\Task1.csproj", "{5256ECB9-6528-424A-8321-B452DBC1A54E}"
EndProject
Global
	GlobalSection(SolutionConfigurationPlatforms) = preSolution
		Debug|Any CPU = Debug|Any CPU
		Release|Any CPU = Release|Any CPU
	EndGlobalSection
	GlobalSection(ProjectConfigurationPlatforms) = postSolution
		{5256ECB9-6528-424A-8321-B452DBC1A54E}.Debug|Any CPU.ActiveCfg = Debug|Any CPU
		{5256ECB9-6528-424A-8321-B452DBC1A54E}.Debug|Any CPU.Build.0 = Debug|Any CPU
		{5256ECB9-6528-424A-8321-B452DBC1A54E}.Release|Any CPU.ActiveCfg = Release|Any CPU
		{5256ECB9-6528-424A-8321-B452DBC1A54E}.Release|Any CPU.Build.0 = Release|Any CPU
	EndGlobalSection
	GlobalSection(SolutionProperties) = preSolution
		HideSolutionNode = FALSE
	EndGlobalSection
	GlobalSection(ExtensibilityGlobals) = postSolution
		SolutionGuid = {6C942401-0FC4-4ED4-AC38-9612B1751633}
	EndGlobalSection
EndGlobal
